github.com/PuerkitoBio/goquery v1.1.0 h1:QUDKATbrxlrC/VtTGXPgSF28dtBbniZz0X2sp/Twom4=
github.com/PuerkitoBio/goquery v1.1.0/go.mod h1:T9ezsOHcCrDCgA8aF1Cqr3sSYbO/xgdy8/R/XiIMAhA=
github.com/alecthomas/chroma v0.5.0 h1:PI0RlRSWL+8GSMuIMMA5KIND4CeJ5KXUQA60LLp/SjA=
github.com/alecthomas/chroma v0.5.0/go.mod h1:MmozekIi2rfQSzDcdEZ2BoJ9Pxs/7uc2Y4Boh+hIeZo=
github.com/andybalholm/cascadia v0.0.0-20161224141413-349dd0209470 h1:4jHLmof+Hba81591gfH5xYA8QXzuvgksxwPNrmjR2BA=
github.com/andybalholm/cascadia v0.0.0-20161224141413-349dd0209470/go.mod h1:3I+3V7B6gTBYfdpYgIG2ymALS9H+5VDKUl3lHH7ToM4=
github.com/beevik/etree v1.1.0 h1:T0xke/WvNtMoCqgzPhkX2r4rjY3GDZFi+FjpRZY2Jbs=
github.com/beevik/etree v1.1.0/go.mod h1:r8Aw8JqVegEf0w2fDnATrX9VpkMcyFeM0FhwO62wh+A=
github.com/danwakefield/fnmatch v0.0.0-20160403171240-cbb64ac3d964 h1:y5HC9v93H5EPKqaS1UYVg1uYah5Xf51mBfIoWehClUQ=
github.com/danwakefield/fnmatch v0.0.0-20160403171240-cbb64ac3d964/go.mod h1:Xd9hchkHSWYkEqJwUGisez3G1QY8Ryz0sdWrLPMGjLk=
github.com/dlclark/regexp2 v1.1.6 h1:CqB4MjHw0MFCDj+PHHjiESmHX+N7t0tJzKvC6M97BRg=
github.com/dlclark/regexp2 v1.1.6/go.mod h1:2pZnwuY/m+8K6iRw6wQdMtk+rH5tNGR1i55kozfMjCc=
github.com/russross/blackfriday v0.0.0-20151110051855-0b647d0506a6 h1:NCdCpzq6sADll3AUyACrweBbe2AqzpU3dVepB3mEaRE=
github.com/russross/blackfriday v0.0.0-20151110051855-0b647d0506a6/go.mod h1:JO/DiYxRf+HjHt06OyowR9PTA263kcR/rfWxYHBV53g=
github.com/shurcooL/sanitized_anchor_name v0.0.0-20170515013256-541ff5ee47f1 h1:lEPgYIua1WDfCB8zRDUNtaXg/lURR9tFcz4F90fo6ME=
github.com/shurcooL/sanitized_anchor_name v0.0.0-20170515013256-541ff5ee47f1/go.mod h1:1NzhyTcUVG4SuEtjjoZeVRXNmyL/1OwPU0+IJeTBvfc=
golang.org/x/net v0.0.0-20170605033737-59a0b19b5533 h1:k1I8hvxwKeqVIuqJqD9j/Ct0IVOj2+8F54ywQJpUAt0=
golang.org/x/net v0.0.0-20170605033737-59a0b19b5533/go.mod h1:mL1N/T3taQHkDXs73rZJwtUhF3w3ftmwwsq0BUmARs4=
gopkg.in/yaml.v2 v2.0.0-20170407172122-cd8b52f8269e h1:o/mfNjxpTLivuKEfxzzwrJ8PmulH2wEp7t713uMwKAA=
gopkg.in/yaml.v2 v2.0.0-20170407172122-cd8b52f8269e/go.mod h1:JAlM8MvJe8wmxCU4Bli9HhUf9+ttbYbLASfIpnQbh74=
